
Microsoft Visual Studio Solution File, Format Version 12.00
# Visual Studio Version 16
VisualStudioVersion = 16.0.32228.343
MinimumVisualStudioVersion = 10.0.40219.1
Project("{FAE04EC0-301F-11D3-BF4B-00C04F79EFBC}") = "SalesWebMvc", "SalesWebMvc\SalesWebMvc.csproj", "{ADD58AAB-1E97-4A69-BEFA-B303BA53E726}"
EndProject
Global
	GlobalSection(SolutionConfigurationPlatforms) = preSolution
		Debug|Any CPU = Debug|Any CPU
		Release|Any CPU = Release|Any CPU
	EndGlobalSection
	GlobalSection(ProjectConfigurationPlatforms) = postSolution
		{ADD58AAB-1E97-4A69-BEFA-B303BA53E726}.Debug|Any CPU.ActiveCfg = Debug|Any CPU
		{ADD58AAB-1E97-4A69-BEFA-B303BA53E726}.Debug|Any CPU.Build.0 = Debug|Any CPU
		{ADD58AAB-1E97-4A69-BEFA-B303BA53E726}.Release|Any CPU.ActiveCfg = Release|Any CPU
		{ADD58AAB-1E97-4A69-BEFA-B303BA53E726}.Release|Any CPU.Build.0 = Release|Any CPU
	EndGlobalSection
	GlobalSection(SolutionProperties) = preSolution
		HideSolutionNode = FALSE
	EndGlobalSection
	GlobalSection(ExtensibilityGlobals) = postSolution
		SolutionGuid = {228FFED0-3E7A-4836-AAC4-97835673A336}
	EndGlobalSection
EndGlobal
